
Microsoft Visual Studio Solution File, Format Version 12.00
# Visual Studio Version 17
VisualStudioVersion = 17.0.31919.166
MinimumVisualStudioVersion = 10.0.40219.1
Project("{9A19103F-16F7-4668-BE54-9A1E7A4F7556}") = "scoop-gui", "scoop-gui\scoop-gui.csproj", "{F0ECFE23-CEE5-4D62-B07C-B85B1C109599}"
EndProject
Project("{2150E333-8FDC-42A3-9474-1A3956D46DE8}") = "Solution Items", "Solution Items", "{DAE11343-DA79-4E1F-B582-E31129079587}"
	ProjectSection(SolutionItems) = preProject
		.editorconfig = .editorconfig
	EndProjectSection
EndProject
Global
	GlobalSection(SolutionConfigurationPlatforms) = preSolution
		Debug|Any CPU = Debug|Any CPU
		Debug|x64 = Debug|x64
		Debug|x86 = Debug|x86
		Release|Any CPU = Release|Any CPU
		Release|x64 = Release|x64
		Release|x86 = Release|x86
	EndGlobalSection
	GlobalSection(ProjectConfigurationPlatforms) = postSolution
		{F0ECFE23-CEE5-4D62-B07C-B85B1C109599}.Debug|Any CPU.ActiveCfg = Debug|Any CPU
		{F0ECFE23-CEE5-4D62-B07C-B85B1C109599}.Debug|Any CPU.Build.0 = Debug|Any CPU
		{F0ECFE23-CEE5-4D62-B07C-B85B1C109599}.Debug|x64.ActiveCfg = Debug|x64
		{F0ECFE23-CEE5-4D62-B07C-B85B1C109599}.Debug|x64.Build.0 = Debug|x64
		{F0ECFE23-CEE5-4D62-B07C-B85B1C109599}.Debug|x64.Deploy.0 = Debug|x64
		{F0ECFE23-CEE5-4D62-B07C-B85B1C109599}.Debug|x86.ActiveCfg = Debug|x86
		{F0ECFE23-CEE5-4D62-B07C-B85B1C109599}.Debug|x86.Build.0 = Debug|x86
		{F0ECFE23-CEE5-4D62-B07C-B85B1C109599}.Release|Any CPU.ActiveCfg = Release|Any CPU
		{F0ECFE23-CEE5-4D62-B07C-B85B1C109599}.Release|Any CPU.Build.0 = Release|Any CPU
		{F0ECFE23-CEE5-4D62-B07C-B85B1C109599}.Release|x64.ActiveCfg = Release|x64
		{F0ECFE23-CEE5-4D62-B07C-B85B1C109599}.Release|x64.Build.0 = Release|x64
		{F0ECFE23-CEE5-4D62-B07C-B85B1C109599}.Release|x86.ActiveCfg = Release|x86
		{F0ECFE23-CEE5-4D62-B07C-B85B1C109599}.Release|x86.Build.0 = Release|x86
	EndGlobalSection
	GlobalSection(SolutionProperties) = preSolution
		HideSolutionNode = FALSE
	EndGlobalSection
	GlobalSection(ExtensibilityGlobals) = postSolution
		SolutionGuid = {9C13E024-C72B-4D9D-A6F1-0AF8AFAF80A6}
	EndGlobalSection
EndGlobal
